
Microsoft Visual Studio Solution File, Format Version 12.00
# Visual Studio Version 16
VisualStudioVersion = 16.0.30309.148
MinimumVisualStudioVersion = 10.0.40219.1
Project("{FAE04EC0-301F-11D3-BF4B-00C04F79EFBC}") = "WebApplication5", "WebApplication5.csproj", "{5DA12721-F87A-403A-A421-2C2125D12325}"
EndProject
Global
	GlobalSection(SolutionConfigurationPlatforms) = preSolution
		Debug|Any CPU = Debug|Any CPU
		Release|Any CPU = Release|Any CPU
	EndGlobalSection
	GlobalSection(ProjectConfigurationPlatforms) = postSolution
		{5DA12721-F87A-403A-A421-2C2125D12325}.Debug|Any CPU.ActiveCfg = Debug|Any CPU
		{5DA12721-F87A-403A-A421-2C2125D12325}.Debug|Any CPU.Build.0 = Debug|Any CPU
		{5DA12721-F87A-403A-A421-2C2125D12325}.Release|Any CPU.ActiveCfg = Release|Any CPU
		{5DA12721-F87A-403A-A421-2C2125D12325}.Release|Any CPU.Build.0 = Release|Any CPU
	EndGlobalSection
	GlobalSection(SolutionProperties) = preSolution
		HideSolutionNode = FALSE
	EndGlobalSection
	GlobalSection(ExtensibilityGlobals) = postSolution
		SolutionGuid = {20D13A45-0B7A-41B1-B7D1-E30D4AB9E080}
	EndGlobalSection
EndGlobal
